
Microsoft Visual Studio Solution File, Format Version 12.00
# Visual Studio Version 16
VisualStudioVersion = 16.0.32929.386
MinimumVisualStudioVersion = 10.0.40219.1
Project("{FAE04EC0-301F-11D3-BF4B-00C04F79EFBC}") = "EntradaDeLogs", "EntradaDeLogs\EntradaDeLogs.csproj", "{0E0167D4-A18D-410F-83B3-455BE89F6BDA}"
EndProject
Project("{FAE04EC0-301F-11D3-BF4B-00C04F79EFBC}") = "EntradaDeLogsTests", "EntradaDeLogsTests\EntradaDeLogsTests.csproj", "{D32C7873-7A34-4DDA-97E1-3A98E4D4DD3B}"
EndProject
Project("{FAE04EC0-301F-11D3-BF4B-00C04F79EFBC}") = "ConexaoDb", "ConexaoDb\ConexaoDb.csproj", "{7E6318FF-354E-4940-8003-B00F20FAC45D}"
EndProject
Project("{FAE04EC0-301F-11D3-BF4B-00C04F79EFBC}") = "ApiWeb", "ApiWeb\ApiWeb.csproj", "{87E6C1D9-C724-4788-AAFA-4FFFD35AAF3D}"
EndProject
Global
	GlobalSection(SolutionConfigurationPlatforms) = preSolution
		Debug|Any CPU = Debug|Any CPU
		Release|Any CPU = Release|Any CPU
	EndGlobalSection
	GlobalSection(ProjectConfigurationPlatforms) = postSolution
		{0E0167D4-A18D-410F-83B3-455BE89F6BDA}.Debug|Any CPU.ActiveCfg = Debug|Any CPU
		{0E0167D4-A18D-410F-83B3-455BE89F6BDA}.Debug|Any CPU.Build.0 = Debug|Any CPU
		{0E0167D4-A18D-410F-83B3-455BE89F6BDA}.Release|Any CPU.ActiveCfg = Release|Any CPU
		{0E0167D4-A18D-410F-83B3-455BE89F6BDA}.Release|Any CPU.Build.0 = Release|Any CPU
		{D32C7873-7A34-4DDA-97E1-3A98E4D4DD3B}.Debug|Any CPU.ActiveCfg = Debug|Any CPU
		{D32C7873-7A34-4DDA-97E1-3A98E4D4DD3B}.Debug|Any CPU.Build.0 = Debug|Any CPU
		{D32C7873-7A34-4DDA-97E1-3A98E4D4DD3B}.Release|Any CPU.ActiveCfg = Release|Any CPU
		{D32C7873-7A34-4DDA-97E1-3A98E4D4DD3B}.Release|Any CPU.Build.0 = Release|Any CPU
		{7E6318FF-354E-4940-8003-B00F20FAC45D}.Debug|Any CPU.ActiveCfg = Debug|Any CPU
		{7E6318FF-354E-4940-8003-B00F20FAC45D}.Debug|Any CPU.Build.0 = Debug|Any CPU
		{7E6318FF-354E-4940-8003-B00F20FAC45D}.Release|Any CPU.ActiveCfg = Release|Any CPU
		{7E6318FF-354E-4940-8003-B00F20FAC45D}.Release|Any CPU.Build.0 = Release|Any CPU
		{87E6C1D9-C724-4788-AAFA-4FFFD35AAF3D}.Debug|Any CPU.ActiveCfg = Debug|Any CPU
		{87E6C1D9-C724-4788-AAFA-4FFFD35AAF3D}.Debug|Any CPU.Build.0 = Debug|Any CPU
		{87E6C1D9-C724-4788-AAFA-4FFFD35AAF3D}.Release|Any CPU.ActiveCfg = Release|Any CPU
		{87E6C1D9-C724-4788-AAFA-4FFFD35AAF3D}.Release|Any CPU.Build.0 = Release|Any CPU
	EndGlobalSection
	GlobalSection(SolutionProperties) = preSolution
		HideSolutionNode = FALSE
	EndGlobalSection
	GlobalSection(ExtensibilityGlobals) = postSolution
		SolutionGuid = {6D2253DA-B013-48BE-953F-A7C9BA19D959}
	EndGlobalSection
EndGlobal
